
Microsoft Visual Studio Solution File, Format Version 12.00
# Visual Studio Version 16
VisualStudioVersion = 16.0.29020.237
MinimumVisualStudioVersion = 10.0.40219.1
Project("{FAE04EC0-301F-11D3-BF4B-00C04F79EFBC}") = "ProjetoFinalConsole", "ProjetoFinalConsole.csproj", "{CC01D95A-8D44-4DBA-A63F-7C856CAB945F}"
EndProject
Global
	GlobalSection(SolutionConfigurationPlatforms) = preSolution
		Debug|Any CPU = Debug|Any CPU
		Release|Any CPU = Release|Any CPU
	EndGlobalSection
	GlobalSection(ProjectConfigurationPlatforms) = postSolution
		{CC01D95A-8D44-4DBA-A63F-7C856CAB945F}.Debug|Any CPU.ActiveCfg = Debug|Any CPU
		{CC01D95A-8D44-4DBA-A63F-7C856CAB945F}.Debug|Any CPU.Build.0 = Debug|Any CPU
		{CC01D95A-8D44-4DBA-A63F-7C856CAB945F}.Release|Any CPU.ActiveCfg = Release|Any CPU
		{CC01D95A-8D44-4DBA-A63F-7C856CAB945F}.Release|Any CPU.Build.0 = Release|Any CPU
	EndGlobalSection
	GlobalSection(SolutionProperties) = preSolution
		HideSolutionNode = FALSE
	EndGlobalSection
	GlobalSection(ExtensibilityGlobals) = postSolution
		SolutionGuid = {CECF7626-B14A-4CDF-B049-CFA259AA3051}
	EndGlobalSection
EndGlobal
