
Microsoft Visual Studio Solution File, Format Version 12.00
# Visual Studio Version 16
VisualStudioVersion = 16.0.29123.88
MinimumVisualStudioVersion = 10.0.40219.1
Project("{FAE04EC0-301F-11D3-BF4B-00C04F79EFBC}") = "WPFApp", "WPFApp\WPFApp.csproj", "{B3CBB2E2-FBC2-4876-B348-5727985857F1}"
EndProject
Global
	GlobalSection(SolutionConfigurationPlatforms) = preSolution
		Debug|Any CPU = Debug|Any CPU
		Release|Any CPU = Release|Any CPU
	EndGlobalSection
	GlobalSection(ProjectConfigurationPlatforms) = postSolution
		{B3CBB2E2-FBC2-4876-B348-5727985857F1}.Debug|Any CPU.ActiveCfg = Debug|Any CPU
		{B3CBB2E2-FBC2-4876-B348-5727985857F1}.Debug|Any CPU.Build.0 = Debug|Any CPU
		{B3CBB2E2-FBC2-4876-B348-5727985857F1}.Release|Any CPU.ActiveCfg = Release|Any CPU
		{B3CBB2E2-FBC2-4876-B348-5727985857F1}.Release|Any CPU.Build.0 = Release|Any CPU
	EndGlobalSection
	GlobalSection(SolutionProperties) = preSolution
		HideSolutionNode = FALSE
	EndGlobalSection
	GlobalSection(ExtensibilityGlobals) = postSolution
		SolutionGuid = {3A88EEE1-CE4A-4BE5-9EC8-CB4F1A33EA95}
	EndGlobalSection
EndGlobal
