
Microsoft Visual Studio Solution File, Format Version 12.00
# Visual Studio Version 16
VisualStudioVersion = 16.0.29123.88
MinimumVisualStudioVersion = 10.0.40219.1
Project("{FAE04EC0-301F-11D3-BF4B-00C04F79EFBC}") = "UsandoCalcDosOutros", "UsandoCalcDosOutros\UsandoCalcDosOutros.csproj", "{6EE131F7-1258-435D-BCFC-E203A5767B4A}"
EndProject
Global
	GlobalSection(SolutionConfigurationPlatforms) = preSolution
		Debug|Any CPU = Debug|Any CPU
		Release|Any CPU = Release|Any CPU
	EndGlobalSection
	GlobalSection(ProjectConfigurationPlatforms) = postSolution
		{6EE131F7-1258-435D-BCFC-E203A5767B4A}.Debug|Any CPU.ActiveCfg = Debug|Any CPU
		{6EE131F7-1258-435D-BCFC-E203A5767B4A}.Debug|Any CPU.Build.0 = Debug|Any CPU
		{6EE131F7-1258-435D-BCFC-E203A5767B4A}.Release|Any CPU.ActiveCfg = Release|Any CPU
		{6EE131F7-1258-435D-BCFC-E203A5767B4A}.Release|Any CPU.Build.0 = Release|Any CPU
	EndGlobalSection
	GlobalSection(SolutionProperties) = preSolution
		HideSolutionNode = FALSE
	EndGlobalSection
	GlobalSection(ExtensibilityGlobals) = postSolution
		SolutionGuid = {829B0DFB-E09B-414B-A03D-936C9FCBBAD2}
	EndGlobalSection
EndGlobal
