
Microsoft Visual Studio Solution File, Format Version 12.00
# Visual Studio Version 16
VisualStudioVersion = 16.0.29123.88
MinimumVisualStudioVersion = 10.0.40219.1
Project("{FAE04EC0-301F-11D3-BF4B-00C04F79EFBC}") = "ProjetoCantina", "ProjetoCantina\ProjetoCantina.csproj", "{CFFE51EB-8944-4EC1-B971-FD4507BEF2AB}"
EndProject
Global
	GlobalSection(SolutionConfigurationPlatforms) = preSolution
		Debug|Any CPU = Debug|Any CPU
		Release|Any CPU = Release|Any CPU
	EndGlobalSection
	GlobalSection(ProjectConfigurationPlatforms) = postSolution
		{CFFE51EB-8944-4EC1-B971-FD4507BEF2AB}.Debug|Any CPU.ActiveCfg = Debug|Any CPU
		{CFFE51EB-8944-4EC1-B971-FD4507BEF2AB}.Debug|Any CPU.Build.0 = Debug|Any CPU
		{CFFE51EB-8944-4EC1-B971-FD4507BEF2AB}.Release|Any CPU.ActiveCfg = Release|Any CPU
		{CFFE51EB-8944-4EC1-B971-FD4507BEF2AB}.Release|Any CPU.Build.0 = Release|Any CPU
	EndGlobalSection
	GlobalSection(SolutionProperties) = preSolution
		HideSolutionNode = FALSE
	EndGlobalSection
	GlobalSection(ExtensibilityGlobals) = postSolution
		SolutionGuid = {FAA45EDC-AF96-4EAE-96D1-F3D3E2634513}
	EndGlobalSection
EndGlobal
