
Microsoft Visual Studio Solution File, Format Version 12.00
# Visual Studio Version 16
VisualStudioVersion = 16.0.29123.88
MinimumVisualStudioVersion = 10.0.40219.1
Project("{FAE04EC0-301F-11D3-BF4B-00C04F79EFBC}") = "VerificadorDeInformacoes", "VerificadorDeInformacoes\VerificadorDeInformacoes.csproj", "{794AF46C-B1CF-4BA2-8EAA-C27F9AC947C4}"
EndProject
Global
	GlobalSection(SolutionConfigurationPlatforms) = preSolution
		Debug|Any CPU = Debug|Any CPU
		Release|Any CPU = Release|Any CPU
	EndGlobalSection
	GlobalSection(ProjectConfigurationPlatforms) = postSolution
		{794AF46C-B1CF-4BA2-8EAA-C27F9AC947C4}.Debug|Any CPU.ActiveCfg = Debug|Any CPU
		{794AF46C-B1CF-4BA2-8EAA-C27F9AC947C4}.Debug|Any CPU.Build.0 = Debug|Any CPU
		{794AF46C-B1CF-4BA2-8EAA-C27F9AC947C4}.Release|Any CPU.ActiveCfg = Release|Any CPU
		{794AF46C-B1CF-4BA2-8EAA-C27F9AC947C4}.Release|Any CPU.Build.0 = Release|Any CPU
	EndGlobalSection
	GlobalSection(SolutionProperties) = preSolution
		HideSolutionNode = FALSE
	EndGlobalSection
	GlobalSection(ExtensibilityGlobals) = postSolution
		SolutionGuid = {CFD4F84E-502C-4A04-BB04-12BACBB737F1}
	EndGlobalSection
EndGlobal
