
Microsoft Visual Studio Solution File, Format Version 12.00
# Visual Studio Version 16
VisualStudioVersion = 16.0.29020.237
MinimumVisualStudioVersion = 10.0.40219.1
Project("{FAE04EC0-301F-11D3-BF4B-00C04F79EFBC}") = "InsertAndRemoveInList", "InsertAndRemoveInList.csproj", "{17C89F77-AE4E-4483-A15D-224E71B0C33F}"
EndProject
Global
	GlobalSection(SolutionConfigurationPlatforms) = preSolution
		Debug|Any CPU = Debug|Any CPU
		Release|Any CPU = Release|Any CPU
	EndGlobalSection
	GlobalSection(ProjectConfigurationPlatforms) = postSolution
		{17C89F77-AE4E-4483-A15D-224E71B0C33F}.Debug|Any CPU.ActiveCfg = Debug|Any CPU
		{17C89F77-AE4E-4483-A15D-224E71B0C33F}.Debug|Any CPU.Build.0 = Debug|Any CPU
		{17C89F77-AE4E-4483-A15D-224E71B0C33F}.Release|Any CPU.ActiveCfg = Release|Any CPU
		{17C89F77-AE4E-4483-A15D-224E71B0C33F}.Release|Any CPU.Build.0 = Release|Any CPU
	EndGlobalSection
	GlobalSection(SolutionProperties) = preSolution
		HideSolutionNode = FALSE
	EndGlobalSection
	GlobalSection(ExtensibilityGlobals) = postSolution
		SolutionGuid = {BA4B1E59-69E9-4368-9B4B-6D96A2A9C61C}
	EndGlobalSection
EndGlobal
