
Microsoft Visual Studio Solution File, Format Version 12.00
# Visual Studio Version 16
VisualStudioVersion = 16.0.29123.88
MinimumVisualStudioVersion = 10.0.40219.1
Project("{FAE04EC0-301F-11D3-BF4B-00C04F79EFBC}") = "WebApi", "WebApi\WebApi.csproj", "{66B918B4-32BA-4093-A735-03EBA0334F3D}"
EndProject
Global
	GlobalSection(SolutionConfigurationPlatforms) = preSolution
		Debug|Any CPU = Debug|Any CPU
		Release|Any CPU = Release|Any CPU
	EndGlobalSection
	GlobalSection(ProjectConfigurationPlatforms) = postSolution
		{66B918B4-32BA-4093-A735-03EBA0334F3D}.Debug|Any CPU.ActiveCfg = Debug|Any CPU
		{66B918B4-32BA-4093-A735-03EBA0334F3D}.Debug|Any CPU.Build.0 = Debug|Any CPU
		{66B918B4-32BA-4093-A735-03EBA0334F3D}.Release|Any CPU.ActiveCfg = Release|Any CPU
		{66B918B4-32BA-4093-A735-03EBA0334F3D}.Release|Any CPU.Build.0 = Release|Any CPU
	EndGlobalSection
	GlobalSection(SolutionProperties) = preSolution
		HideSolutionNode = FALSE
	EndGlobalSection
	GlobalSection(ExtensibilityGlobals) = postSolution
		SolutionGuid = {5F62389D-9BA4-4047-8516-9E877D197641}
	EndGlobalSection
EndGlobal
