
Microsoft Visual Studio Solution File, Format Version 12.00
# Visual Studio Version 16
VisualStudioVersion = 16.0.29123.88
MinimumVisualStudioVersion = 10.0.40219.1
Project("{FAE04EC0-301F-11D3-BF4B-00C04F79EFBC}") = "Listar_meus_carros", "Listar_meus_carros\Listar_meus_carros.csproj", "{ADEB6E24-CC19-47DB-A37E-0AFA33BCB082}"
EndProject
Global
	GlobalSection(SolutionConfigurationPlatforms) = preSolution
		Debug|Any CPU = Debug|Any CPU
		Release|Any CPU = Release|Any CPU
	EndGlobalSection
	GlobalSection(ProjectConfigurationPlatforms) = postSolution
		{ADEB6E24-CC19-47DB-A37E-0AFA33BCB082}.Debug|Any CPU.ActiveCfg = Debug|Any CPU
		{ADEB6E24-CC19-47DB-A37E-0AFA33BCB082}.Debug|Any CPU.Build.0 = Debug|Any CPU
		{ADEB6E24-CC19-47DB-A37E-0AFA33BCB082}.Release|Any CPU.ActiveCfg = Release|Any CPU
		{ADEB6E24-CC19-47DB-A37E-0AFA33BCB082}.Release|Any CPU.Build.0 = Release|Any CPU
	EndGlobalSection
	GlobalSection(SolutionProperties) = preSolution
		HideSolutionNode = FALSE
	EndGlobalSection
	GlobalSection(ExtensibilityGlobals) = postSolution
		SolutionGuid = {B5DB37A1-392C-44AD-AB74-C2467BC14243}
	EndGlobalSection
EndGlobal
