
Microsoft Visual Studio Solution File, Format Version 12.00
# Visual Studio Version 16
VisualStudioVersion = 16.0.29102.190
MinimumVisualStudioVersion = 10.0.40219.1
Project("{FAE04EC0-301F-11D3-BF4B-00C04F79EFBC}") = "ArquivosDoWindows", "ArquivosDoWindows.csproj", "{BBF80175-E37E-43BC-B0AA-7B23BD5452BA}"
EndProject
Global
	GlobalSection(SolutionConfigurationPlatforms) = preSolution
		Debug|Any CPU = Debug|Any CPU
		Release|Any CPU = Release|Any CPU
	EndGlobalSection
	GlobalSection(ProjectConfigurationPlatforms) = postSolution
		{BBF80175-E37E-43BC-B0AA-7B23BD5452BA}.Debug|Any CPU.ActiveCfg = Debug|Any CPU
		{BBF80175-E37E-43BC-B0AA-7B23BD5452BA}.Debug|Any CPU.Build.0 = Debug|Any CPU
		{BBF80175-E37E-43BC-B0AA-7B23BD5452BA}.Release|Any CPU.ActiveCfg = Release|Any CPU
		{BBF80175-E37E-43BC-B0AA-7B23BD5452BA}.Release|Any CPU.Build.0 = Release|Any CPU
	EndGlobalSection
	GlobalSection(SolutionProperties) = preSolution
		HideSolutionNode = FALSE
	EndGlobalSection
	GlobalSection(ExtensibilityGlobals) = postSolution
		SolutionGuid = {421482B7-71F2-4967-B5AD-203332AC297B}
	EndGlobalSection
EndGlobal
